
Microsoft Visual Studio Solution File, Format Version 9.00
# Visual Studio 2005
Project("{EAF909A5-FA59-4C3D-9431-0FCC20D5BCF9}") = "MaxExpect", "MaxExpect.icproj", "{22B3A693-8A7E-439B-962F-5BDB3F36ED39}"
EndProject
Global
	GlobalSection(SolutionConfigurationPlatforms) = preSolution
		Debug|Win32 = Debug|Win32
		Release|Win32 = Release|Win32
	EndGlobalSection
	GlobalSection(ProjectConfigurationPlatforms) = postSolution
		{22B3A693-8A7E-439B-962F-5BDB3F36ED39}.Debug|Win32.ActiveCfg = Debug|Win32
		{22B3A693-8A7E-439B-962F-5BDB3F36ED39}.Debug|Win32.Build.0 = Debug|Win32
		{22B3A693-8A7E-439B-962F-5BDB3F36ED39}.Release|Win32.ActiveCfg = Release|Win32
		{22B3A693-8A7E-439B-962F-5BDB3F36ED39}.Release|Win32.Build.0 = Release|Win32
		{32FC4C74-ACAF-4246-B513-FE9900268E7E}.Release|Win32.Build.0 = Release|Win32
		{32FC4C74-ACAF-4246-B513-FE9900268E7E}.Release|Win32.ActiveCfg = Release|Win32
		{32FC4C74-ACAF-4246-B513-FE9900268E7E}.Debug|Win32.Build.0 = Debug|Win32
		{32FC4C74-ACAF-4246-B513-FE9900268E7E}.Debug|Win32.ActiveCfg = Debug|Win32
	EndGlobalSection
	GlobalSection(SolutionProperties) = preSolution
		HideSolutionNode = FALSE
	EndGlobalSection
EndGlobal
