
Microsoft Visual Studio Solution File, Format Version 9.00
# Visual Studio 2005
Project("{EAF909A5-FA59-4C3D-9431-0FCC20D5BCF9}") = "bifold", "..\bifold\bifold.icproj", "{F1950A74-2322-4294-BA0D-89A8EBE0ACC5}"
EndProject
Project("{EAF909A5-FA59-4C3D-9431-0FCC20D5BCF9}") = "AllSub", "..\AllSub\AllSub.icproj", "{FD96CF21-44A0-4F31-B7C8-DF80CEA94C08}"
EndProject
Project("{EAF909A5-FA59-4C3D-9431-0FCC20D5BCF9}") = "bipartition", "..\bipartition\bipartition.icproj", "{41ECAF9F-CE3A-4D80-A832-CA31B3191D4F}"
EndProject
Project("{EAF909A5-FA59-4C3D-9431-0FCC20D5BCF9}") = "ct2dot", "..\ct2dot\ct2dot.icproj", "{2CBA6E4A-4088-4806-B813-A215E9E79A6A}"
EndProject
Project("{EAF909A5-FA59-4C3D-9431-0FCC20D5BCF9}") = "dot2ct", "..\dot2ct\dot2ct.icproj", "{3B723906-0A94-466A-8CDF-7336133263AC}"
EndProject
Project("{EAF909A5-FA59-4C3D-9431-0FCC20D5BCF9}") = "DotPlots", "..\DotPlots\DotPlots.icproj", "{C3572840-2277-4444-9281-DE6C93250F95}"
EndProject
Project("{EAF909A5-FA59-4C3D-9431-0FCC20D5BCF9}") = "draw", "..\draw\draw.icproj", "{0B773741-1961-41C4-8FFB-C207A7DCC6B2}"
EndProject
Project("{EAF909A5-FA59-4C3D-9431-0FCC20D5BCF9}") = "DuplexFold", "..\DuplexFold\DuplexFold.icproj", "{C16A754D-446E-47A4-B8FD-A0B6F67B249E}"
EndProject
Project("{EAF909A5-FA59-4C3D-9431-0FCC20D5BCF9}") = "dynalign", "..\dynalign\dynalign.icproj", "{85A8687E-E56B-4374-B88D-0E625FC6354B}"
EndProject
Project("{EAF909A5-FA59-4C3D-9431-0FCC20D5BCF9}") = "efn2", "..\efn2\efn2.icproj", "{6F52EBC0-C7B2-4765-82F8-2BEEA35D665F}"
EndProject
Project("{EAF909A5-FA59-4C3D-9431-0FCC20D5BCF9}") = "Fold", "..\fold\fold.icproj", "{48598FCE-972D-44DE-AA5D-C6940B09B669}"
EndProject
Project("{EAF909A5-FA59-4C3D-9431-0FCC20D5BCF9}") = "MaxExpect", "..\MaxExpect\MaxExpect.icproj", "{22B3A693-8A7E-439B-962F-5BDB3F36ED39}"
EndProject
Project("{EAF909A5-FA59-4C3D-9431-0FCC20D5BCF9}") = "napss", "..\napss\napss.icproj", "{8BE7C6DF-9CD0-4E3B-B6DF-829C8649CA5C}"
EndProject
Project("{EAF909A5-FA59-4C3D-9431-0FCC20D5BCF9}") = "oligoscreen", "..\oligoscreen\oligoscreen.icproj", "{00C4FCCE-B981-4DBD-9C72-4F30C7936B6F}"
EndProject
Project("{EAF909A5-FA59-4C3D-9431-0FCC20D5BCF9}") = "oligowalk", "..\oligowalk\oligowalk.icproj", "{0A28D961-731B-4FEF-B68F-19392D3EF6DE}"
EndProject
Project("{EAF909A5-FA59-4C3D-9431-0FCC20D5BCF9}") = "PARTS", "..\PARTS\PARTS.icproj", "{ED489F46-8394-4967-B010-22921C291023}"
EndProject
Project("{EAF909A5-FA59-4C3D-9431-0FCC20D5BCF9}") = "pfunction", "..\pfunction\pfunction.icproj", "{00FF8066-47FC-431B-95DE-98065ACAAD7C}"
EndProject
Project("{EAF909A5-FA59-4C3D-9431-0FCC20D5BCF9}") = "ProbablePair", "..\ProbablePair\ProbablePair.icproj", "{F45C269B-3797-4D16-B12C-DE7DC103D9CB}"
EndProject
Project("{EAF909A5-FA59-4C3D-9431-0FCC20D5BCF9}") = "refold", "..\refold\refold.icproj", "{9C8E8C03-98C4-4E1D-B9A0-AA52A27E6301}"
EndProject
Project("{EAF909A5-FA59-4C3D-9431-0FCC20D5BCF9}") = "RemovePseudoknots", "..\RemovePseudoknots\RemovePseudoknots.icproj", "{3EB985A2-C35F-4A95-9EA2-738937BB329E}"
EndProject
Project("{EAF909A5-FA59-4C3D-9431-0FCC20D5BCF9}") = "stochastic", "..\stochastic\stochastic.icproj", "{3828F0F8-D9ED-41D9-AD5E-712266047C2C}"
EndProject
Project("{EAF909A5-FA59-4C3D-9431-0FCC20D5BCF9}") = "CircleCompare", "..\CircleCompare\CircleCompare.icproj", "{1A3EA6E4-DC61-4B94-A52C-B6B596FAC728}"
EndProject
Project("{EAF909A5-FA59-4C3D-9431-0FCC20D5BCF9}") = "ProbKnot", "..\ProbKnot\ProbKnot.icproj", "{F7E61825-DC2A-4D6F-87BB-E85BA7A757FA}"
EndProject
Project("{EAF909A5-FA59-4C3D-9431-0FCC20D5BCF9}") = "DotPlots", "..\DotPlots\ProbabilityPlots.icproj", "{DDEAEAF3-7DD5-43E8-AE32-66DE0A5705F0}"
EndProject
Project("{EAF909A5-FA59-4C3D-9431-0FCC20D5BCF9}") = "DotPlots", "..\DotPlots\DynalignDotPlot.icproj", "{AA4B15CB-ACF6-484D-8D47-923DCE076680}"
EndProject
Project("{EAF909A5-FA59-4C3D-9431-0FCC20D5BCF9}") = "scorer", "..\scorer\scorer.icproj", "{20999FAA-850F-4CEB-BE98-E8C0A374DC6F}"
EndProject
Global
	GlobalSection(SolutionConfigurationPlatforms) = preSolution
		Debug|Win32 = Debug|Win32
		Release|Win32 = Release|Win32
	EndGlobalSection
	GlobalSection(ProjectConfigurationPlatforms) = postSolution
		{F1950A74-2322-4294-BA0D-89A8EBE0ACC5}.Debug|Win32.ActiveCfg = Debug|Win32
		{F1950A74-2322-4294-BA0D-89A8EBE0ACC5}.Debug|Win32.Build.0 = Debug|Win32
		{F1950A74-2322-4294-BA0D-89A8EBE0ACC5}.Release|Win32.ActiveCfg = Release|Win32
		{F1950A74-2322-4294-BA0D-89A8EBE0ACC5}.Release|Win32.Build.0 = Release|Win32
		{FD96CF21-44A0-4F31-B7C8-DF80CEA94C08}.Debug|Win32.ActiveCfg = Debug|Win32
		{FD96CF21-44A0-4F31-B7C8-DF80CEA94C08}.Debug|Win32.Build.0 = Debug|Win32
		{FD96CF21-44A0-4F31-B7C8-DF80CEA94C08}.Release|Win32.ActiveCfg = Release|Win32
		{FD96CF21-44A0-4F31-B7C8-DF80CEA94C08}.Release|Win32.Build.0 = Release|Win32
		{41ECAF9F-CE3A-4D80-A832-CA31B3191D4F}.Debug|Win32.ActiveCfg = Debug|Win32
		{41ECAF9F-CE3A-4D80-A832-CA31B3191D4F}.Debug|Win32.Build.0 = Debug|Win32
		{41ECAF9F-CE3A-4D80-A832-CA31B3191D4F}.Release|Win32.ActiveCfg = Release|Win32
		{41ECAF9F-CE3A-4D80-A832-CA31B3191D4F}.Release|Win32.Build.0 = Release|Win32
		{2CBA6E4A-4088-4806-B813-A215E9E79A6A}.Debug|Win32.ActiveCfg = Debug|Win32
		{2CBA6E4A-4088-4806-B813-A215E9E79A6A}.Debug|Win32.Build.0 = Debug|Win32
		{2CBA6E4A-4088-4806-B813-A215E9E79A6A}.Release|Win32.ActiveCfg = Release|Win32
		{2CBA6E4A-4088-4806-B813-A215E9E79A6A}.Release|Win32.Build.0 = Release|Win32
		{3B723906-0A94-466A-8CDF-7336133263AC}.Debug|Win32.ActiveCfg = Debug|Win32
		{3B723906-0A94-466A-8CDF-7336133263AC}.Debug|Win32.Build.0 = Debug|Win32
		{3B723906-0A94-466A-8CDF-7336133263AC}.Release|Win32.ActiveCfg = Release|Win32
		{3B723906-0A94-466A-8CDF-7336133263AC}.Release|Win32.Build.0 = Release|Win32
		{C3572840-2277-4444-9281-DE6C93250F95}.Debug|Win32.ActiveCfg = Debug|Win32
		{C3572840-2277-4444-9281-DE6C93250F95}.Debug|Win32.Build.0 = Debug|Win32
		{C3572840-2277-4444-9281-DE6C93250F95}.Release|Win32.ActiveCfg = Release|Win32
		{C3572840-2277-4444-9281-DE6C93250F95}.Release|Win32.Build.0 = Release|Win32
		{0B773741-1961-41C4-8FFB-C207A7DCC6B2}.Debug|Win32.ActiveCfg = Debug|Win32
		{0B773741-1961-41C4-8FFB-C207A7DCC6B2}.Debug|Win32.Build.0 = Debug|Win32
		{0B773741-1961-41C4-8FFB-C207A7DCC6B2}.Release|Win32.ActiveCfg = Release|Win32
		{0B773741-1961-41C4-8FFB-C207A7DCC6B2}.Release|Win32.Build.0 = Release|Win32
		{C16A754D-446E-47A4-B8FD-A0B6F67B249E}.Debug|Win32.ActiveCfg = Debug|Win32
		{C16A754D-446E-47A4-B8FD-A0B6F67B249E}.Debug|Win32.Build.0 = Debug|Win32
		{C16A754D-446E-47A4-B8FD-A0B6F67B249E}.Release|Win32.ActiveCfg = Release|Win32
		{C16A754D-446E-47A4-B8FD-A0B6F67B249E}.Release|Win32.Build.0 = Release|Win32
		{85A8687E-E56B-4374-B88D-0E625FC6354B}.Debug|Win32.ActiveCfg = Debug|Win32
		{85A8687E-E56B-4374-B88D-0E625FC6354B}.Debug|Win32.Build.0 = Debug|Win32
		{85A8687E-E56B-4374-B88D-0E625FC6354B}.Release|Win32.ActiveCfg = Release|Win32
		{85A8687E-E56B-4374-B88D-0E625FC6354B}.Release|Win32.Build.0 = Release|Win32
		{6F52EBC0-C7B2-4765-82F8-2BEEA35D665F}.Debug|Win32.ActiveCfg = Debug|Win32
		{6F52EBC0-C7B2-4765-82F8-2BEEA35D665F}.Debug|Win32.Build.0 = Debug|Win32
		{6F52EBC0-C7B2-4765-82F8-2BEEA35D665F}.Release|Win32.ActiveCfg = Release|Win32
		{6F52EBC0-C7B2-4765-82F8-2BEEA35D665F}.Release|Win32.Build.0 = Release|Win32
		{48598FCE-972D-44DE-AA5D-C6940B09B669}.Debug|Win32.ActiveCfg = Debug|Win32
		{48598FCE-972D-44DE-AA5D-C6940B09B669}.Debug|Win32.Build.0 = Debug|Win32
		{48598FCE-972D-44DE-AA5D-C6940B09B669}.Release|Win32.ActiveCfg = Release|Win32
		{48598FCE-972D-44DE-AA5D-C6940B09B669}.Release|Win32.Build.0 = Release|Win32
		{22B3A693-8A7E-439B-962F-5BDB3F36ED39}.Debug|Win32.ActiveCfg = Debug|Win32
		{22B3A693-8A7E-439B-962F-5BDB3F36ED39}.Debug|Win32.Build.0 = Debug|Win32
		{22B3A693-8A7E-439B-962F-5BDB3F36ED39}.Release|Win32.ActiveCfg = Release|Win32
		{22B3A693-8A7E-439B-962F-5BDB3F36ED39}.Release|Win32.Build.0 = Release|Win32
		{8BE7C6DF-9CD0-4E3B-B6DF-829C8649CA5C}.Debug|Win32.ActiveCfg = Debug|Win32
		{8BE7C6DF-9CD0-4E3B-B6DF-829C8649CA5C}.Debug|Win32.Build.0 = Debug|Win32
		{8BE7C6DF-9CD0-4E3B-B6DF-829C8649CA5C}.Release|Win32.ActiveCfg = Release|Win32
		{8BE7C6DF-9CD0-4E3B-B6DF-829C8649CA5C}.Release|Win32.Build.0 = Release|Win32
		{00C4FCCE-B981-4DBD-9C72-4F30C7936B6F}.Debug|Win32.ActiveCfg = Debug|Win32
		{00C4FCCE-B981-4DBD-9C72-4F30C7936B6F}.Debug|Win32.Build.0 = Debug|Win32
		{00C4FCCE-B981-4DBD-9C72-4F30C7936B6F}.Release|Win32.ActiveCfg = Release|Win32
		{00C4FCCE-B981-4DBD-9C72-4F30C7936B6F}.Release|Win32.Build.0 = Release|Win32
		{0A28D961-731B-4FEF-B68F-19392D3EF6DE}.Debug|Win32.ActiveCfg = Debug|Win32
		{0A28D961-731B-4FEF-B68F-19392D3EF6DE}.Debug|Win32.Build.0 = Debug|Win32
		{0A28D961-731B-4FEF-B68F-19392D3EF6DE}.Release|Win32.ActiveCfg = Release|Win32
		{0A28D961-731B-4FEF-B68F-19392D3EF6DE}.Release|Win32.Build.0 = Release|Win32
		{ED489F46-8394-4967-B010-22921C291023}.Debug|Win32.ActiveCfg = Debug|Win32
		{ED489F46-8394-4967-B010-22921C291023}.Debug|Win32.Build.0 = Debug|Win32
		{ED489F46-8394-4967-B010-22921C291023}.Release|Win32.ActiveCfg = Release|Win32
		{ED489F46-8394-4967-B010-22921C291023}.Release|Win32.Build.0 = Release|Win32
		{00FF8066-47FC-431B-95DE-98065ACAAD7C}.Debug|Win32.ActiveCfg = Debug|Win32
		{00FF8066-47FC-431B-95DE-98065ACAAD7C}.Debug|Win32.Build.0 = Debug|Win32
		{00FF8066-47FC-431B-95DE-98065ACAAD7C}.Release|Win32.ActiveCfg = Release|Win32
		{00FF8066-47FC-431B-95DE-98065ACAAD7C}.Release|Win32.Build.0 = Release|Win32
		{F45C269B-3797-4D16-B12C-DE7DC103D9CB}.Debug|Win32.ActiveCfg = Debug|Win32
		{F45C269B-3797-4D16-B12C-DE7DC103D9CB}.Debug|Win32.Build.0 = Debug|Win32
		{F45C269B-3797-4D16-B12C-DE7DC103D9CB}.Release|Win32.ActiveCfg = Release|Win32
		{F45C269B-3797-4D16-B12C-DE7DC103D9CB}.Release|Win32.Build.0 = Release|Win32
		{9C8E8C03-98C4-4E1D-B9A0-AA52A27E6301}.Debug|Win32.ActiveCfg = Debug|Win32
		{9C8E8C03-98C4-4E1D-B9A0-AA52A27E6301}.Debug|Win32.Build.0 = Debug|Win32
		{9C8E8C03-98C4-4E1D-B9A0-AA52A27E6301}.Release|Win32.ActiveCfg = Release|Win32
		{9C8E8C03-98C4-4E1D-B9A0-AA52A27E6301}.Release|Win32.Build.0 = Release|Win32
		{3EB985A2-C35F-4A95-9EA2-738937BB329E}.Debug|Win32.ActiveCfg = Debug|Win32
		{3EB985A2-C35F-4A95-9EA2-738937BB329E}.Debug|Win32.Build.0 = Debug|Win32
		{3EB985A2-C35F-4A95-9EA2-738937BB329E}.Release|Win32.ActiveCfg = Release|Win32
		{3EB985A2-C35F-4A95-9EA2-738937BB329E}.Release|Win32.Build.0 = Release|Win32
		{3828F0F8-D9ED-41D9-AD5E-712266047C2C}.Debug|Win32.ActiveCfg = Debug|Win32
		{3828F0F8-D9ED-41D9-AD5E-712266047C2C}.Debug|Win32.Build.0 = Debug|Win32
		{3828F0F8-D9ED-41D9-AD5E-712266047C2C}.Release|Win32.ActiveCfg = Release|Win32
		{3828F0F8-D9ED-41D9-AD5E-712266047C2C}.Release|Win32.Build.0 = Release|Win32
		{1A3EA6E4-DC61-4B94-A52C-B6B596FAC728}.Debug|Win32.ActiveCfg = Debug|Win32
		{1A3EA6E4-DC61-4B94-A52C-B6B596FAC728}.Debug|Win32.Build.0 = Debug|Win32
		{1A3EA6E4-DC61-4B94-A52C-B6B596FAC728}.Release|Win32.ActiveCfg = Release|Win32
		{1A3EA6E4-DC61-4B94-A52C-B6B596FAC728}.Release|Win32.Build.0 = Release|Win32
		{F7E61825-DC2A-4D6F-87BB-E85BA7A757FA}.Debug|Win32.ActiveCfg = Debug|Win32
		{F7E61825-DC2A-4D6F-87BB-E85BA7A757FA}.Debug|Win32.Build.0 = Debug|Win32
		{F7E61825-DC2A-4D6F-87BB-E85BA7A757FA}.Release|Win32.ActiveCfg = Release|Win32
		{F7E61825-DC2A-4D6F-87BB-E85BA7A757FA}.Release|Win32.Build.0 = Release|Win32
		{DDEAEAF3-7DD5-43E8-AE32-66DE0A5705F0}.Debug|Win32.ActiveCfg = Debug|Win32
		{DDEAEAF3-7DD5-43E8-AE32-66DE0A5705F0}.Debug|Win32.Build.0 = Debug|Win32
		{DDEAEAF3-7DD5-43E8-AE32-66DE0A5705F0}.Release|Win32.ActiveCfg = Release|Win32
		{DDEAEAF3-7DD5-43E8-AE32-66DE0A5705F0}.Release|Win32.Build.0 = Release|Win32
		{AA4B15CB-ACF6-484D-8D47-923DCE076680}.Debug|Win32.ActiveCfg = Debug|Win32
		{AA4B15CB-ACF6-484D-8D47-923DCE076680}.Debug|Win32.Build.0 = Debug|Win32
		{AA4B15CB-ACF6-484D-8D47-923DCE076680}.Release|Win32.ActiveCfg = Release|Win32
		{AA4B15CB-ACF6-484D-8D47-923DCE076680}.Release|Win32.Build.0 = Release|Win32
		{7FA5CE5C-5EFF-4E7E-A119-7B6BBA96E7A5}.Debug|Win32.ActiveCfg = Debug|Win32
		{7FA5CE5C-5EFF-4E7E-A119-7B6BBA96E7A5}.Release|Win32.ActiveCfg = Release|Win32
		{849052F9-F8C1-4069-89C6-B1EECB419E9B}.Debug|Win32.ActiveCfg = Debug|Win32
		{849052F9-F8C1-4069-89C6-B1EECB419E9B}.Release|Win32.ActiveCfg = Release|Win32
		{3A8DF75C-C997-4615-889B-33718D4821F0}.Debug|Win32.ActiveCfg = Debug|Win32
		{3A8DF75C-C997-4615-889B-33718D4821F0}.Release|Win32.ActiveCfg = Release|Win32
		{E7DAEA71-2FF5-48CC-ACB3-5631972E1EB3}.Debug|Win32.ActiveCfg = Debug|Win32
		{E7DAEA71-2FF5-48CC-ACB3-5631972E1EB3}.Release|Win32.ActiveCfg = Release|Win32
		{759E01C8-1064-451D-B8D1-4ED2E1D66330}.Debug|Win32.ActiveCfg = Debug|Win32
		{759E01C8-1064-451D-B8D1-4ED2E1D66330}.Release|Win32.ActiveCfg = Release|Win32
		{34BA6A26-A061-4095-BFF0-9A01AC4FC5C2}.Debug|Win32.ActiveCfg = Debug|Win32
		{34BA6A26-A061-4095-BFF0-9A01AC4FC5C2}.Release|Win32.ActiveCfg = Release|Win32
		{7F44C378-0B37-460C-8EAB-E757A9F233A7}.Debug|Win32.ActiveCfg = Debug|Win32
		{7F44C378-0B37-460C-8EAB-E757A9F233A7}.Release|Win32.ActiveCfg = Release|Win32
		{DF55449B-223B-48FE-B837-6124D5B4508A}.Debug|Win32.ActiveCfg = Debug|Win32
		{DF55449B-223B-48FE-B837-6124D5B4508A}.Release|Win32.ActiveCfg = Release|Win32
		{08318921-3B61-4F7F-9E0C-EFA8E2A6C2C1}.Debug|Win32.ActiveCfg = Debug|Win32
		{08318921-3B61-4F7F-9E0C-EFA8E2A6C2C1}.Release|Win32.ActiveCfg = Release|Win32
		{EC0698D4-E062-42AB-94A1-0FB10AD083DF}.Debug|Win32.ActiveCfg = Debug|Win32
		{EC0698D4-E062-42AB-94A1-0FB10AD083DF}.Release|Win32.ActiveCfg = Release|Win32
		{1B89EDC6-7AEE-41B5-8F7A-CFBD39E62D8B}.Debug|Win32.ActiveCfg = Debug|Win32
		{1B89EDC6-7AEE-41B5-8F7A-CFBD39E62D8B}.Release|Win32.ActiveCfg = Release|Win32
		{32FC4C74-ACAF-4246-B513-FE9900268E7E}.Debug|Win32.ActiveCfg = Debug|Win32
		{32FC4C74-ACAF-4246-B513-FE9900268E7E}.Release|Win32.ActiveCfg = Release|Win32
		{425441B0-1C18-4BA5-9FDB-5BC070324948}.Debug|Win32.ActiveCfg = Debug|Win32
		{425441B0-1C18-4BA5-9FDB-5BC070324948}.Release|Win32.ActiveCfg = Release|Win32
		{96E2D606-0D5D-4C13-BEA7-3432C1081167}.Debug|Win32.ActiveCfg = Debug|Win32
		{96E2D606-0D5D-4C13-BEA7-3432C1081167}.Release|Win32.ActiveCfg = Release|Win32
		{066F92B6-46A5-4C68-B44A-D61C54B9731D}.Debug|Win32.ActiveCfg = Debug|Win32
		{066F92B6-46A5-4C68-B44A-D61C54B9731D}.Release|Win32.ActiveCfg = Release|Win32
		{A9E73DB6-188E-4953-B343-C422FDFF9B93}.Debug|Win32.ActiveCfg = Debug|Win32
		{A9E73DB6-188E-4953-B343-C422FDFF9B93}.Release|Win32.ActiveCfg = Release|Win32
		{E8F30812-5A9E-4AA4-AB30-6C47CECBD02E}.Debug|Win32.ActiveCfg = Debug|Win32
		{E8F30812-5A9E-4AA4-AB30-6C47CECBD02E}.Release|Win32.ActiveCfg = Release|Win32
		{A934C73E-F422-48D1-B591-F44D0E30767E}.Debug|Win32.ActiveCfg = Debug|Win32
		{A934C73E-F422-48D1-B591-F44D0E30767E}.Release|Win32.ActiveCfg = Release|Win32
		{17593711-DEEA-4ECE-BE1B-D983213FBEE0}.Debug|Win32.ActiveCfg = Debug|Win32
		{17593711-DEEA-4ECE-BE1B-D983213FBEE0}.Release|Win32.ActiveCfg = Release|Win32
		{171B0167-6851-4990-8A7E-0B7E074FD514}.Debug|Win32.ActiveCfg = Debug|Win32
		{171B0167-6851-4990-8A7E-0B7E074FD514}.Release|Win32.ActiveCfg = Release|Win32
		{EABAA2B0-0E28-4983-AF39-4209BF0E4DDB}.Debug|Win32.ActiveCfg = Debug|Win32
		{EABAA2B0-0E28-4983-AF39-4209BF0E4DDB}.Release|Win32.ActiveCfg = Release|Win32
		{9C4BDD37-1A91-4DEE-91D5-7C170E0432DC}.Debug|Win32.ActiveCfg = Debug|Win32
		{9C4BDD37-1A91-4DEE-91D5-7C170E0432DC}.Release|Win32.ActiveCfg = Release|Win32
		{1E60CE1B-97BC-4951-A92D-663DD4AFC486}.Debug|Win32.ActiveCfg = Debug|Win32
		{1E60CE1B-97BC-4951-A92D-663DD4AFC486}.Release|Win32.ActiveCfg = Release|Win32
		{C8867294-F0CB-45EA-B747-0934787F070C}.Debug|Win32.ActiveCfg = Debug|Win32
		{C8867294-F0CB-45EA-B747-0934787F070C}.Release|Win32.ActiveCfg = Release|Win32
		{7F9AE146-7504-40DB-9907-648B9811ED21}.Debug|Win32.ActiveCfg = Debug|Win32
		{7F9AE146-7504-40DB-9907-648B9811ED21}.Release|Win32.ActiveCfg = Release|Win32
		{20999FAA-850F-4CEB-BE98-E8C0A374DC6F}.Debug|Win32.ActiveCfg = Debug|Win32
		{20999FAA-850F-4CEB-BE98-E8C0A374DC6F}.Debug|Win32.Build.0 = Debug|Win32
		{20999FAA-850F-4CEB-BE98-E8C0A374DC6F}.Release|Win32.ActiveCfg = Release|Win32
		{20999FAA-850F-4CEB-BE98-E8C0A374DC6F}.Release|Win32.Build.0 = Release|Win32
		{2795C4A0-7573-4BD4-BD59-3AD393C622B8}.Debug|Win32.ActiveCfg = Debug|Win32
		{2795C4A0-7573-4BD4-BD59-3AD393C622B8}.Release|Win32.ActiveCfg = Release|Win32
	EndGlobalSection
	GlobalSection(SolutionProperties) = preSolution
		HideSolutionNode = FALSE
	EndGlobalSection
EndGlobal
